// !$*UTF8*$!
{
	archiveVersion = 1;
	classes = {
	};
	objectVersion = 46;
	objects = {

/* Begin PBXBuildFile section */
		D7B9D20F1E55794F0045A888 /* AppDelegate.swift in Sources */ = {isa = PBXBuildFile; fileRef = D7B9D20E1E55794F0045A888 /* AppDelegate.swift */; };
		D7B9D2111E55794F0045A888 /* ViewController.swift in Sources */ = {isa = PBXBuildFile; fileRef = D7B9D2101E55794F0045A888 /* ViewController.swift */; };
		D7B9D2141E55794F0045A888 /* Main.storyboard in Resources */ = {isa = PBXBuildFile; fileRef = D7B9D2121E55794F0045A888 /* Main.storyboard */; };
		D7B9D2161E55794F0045A888 /* Assets.xcassets in Resources */ = {isa = PBXBuildFile; fileRef = D7B9D2151E55794F0045A888 /* Assets.xcassets */; };
		D7B9D2191E55794F0045A888 /* LaunchScreen.storyboard in Resources */ = {isa = PBXBuildFile; fileRef = D7B9D2171E55794F0045A888 /* LaunchScreen.storyboard */; };
/* End PBXBuildFile section */

/* Begin PBXFileReference section */
		D7B9D20B1E55794F0045A888 /* VScale.app */ = {isa = PBXFileReference; explicitFileType = wrapper.application; includeInIndex = 0; path = VScale.app; sourceTree = BUILT_PRODUCTS_DIR; };
		D7B9D20E1E55794F0045A888 /* AppDelegate.swift */ = {isa = PBXFileReference; lastKnownFileType = sourcecode.swift; path = AppDelegate.swift; sourceTree = "<group>"; };
		D7B9D2101E55794F0045A888 /* ViewController.swift */ = {isa = PBXFileReference; lastKnownFileType = sourcecode.swift; path = ViewController.swift; sourceTree = "<group>"; };
		D7B9D2131E55794F0045A888 /* Base */ = {isa = PBXFileReference; lastKnownFileType = file.storyboard; name = Base; path = Base.lproj/Main.storyboard; sourceTree = "<group>"; };
		D7B9D2151E55794F0045A888 /* Assets.xcassets */ = {isa = PBXFileReference; lastKnownFileType = folder.assetcatalog; path = Assets.xcassets; sourceTree = "<group>"; };
		D7B9D2181E55794F0045A888 /* Base */ = {isa = PBXFileReference; lastKnownFileType = file.storyboard; name = Base; path = Base.lproj/LaunchScreen.storyboard; sourceTree = "<group>"; };
		D7B9D21A1E55794F0045A888 /* Info.plist */ = {isa = PBXFileReference; lastKnownFileType = text.plist.xml; path = Info.plist; sourceTree = "<group>"; };
/* End PBXFileReference section */

/* Begin PBXFrameworksBuildPhase section */
		D7B9D2081E55794F0045A888 /* Frameworks */ = {
			isa = PBXFrameworksBuildPhase;
			buildActionMask = 2147483647;
			files = (
			);
			runOnlyForDeploymentPostprocessing = 0;
		};
/* End PBXFrameworksBuildPhase section */

/* Begin PBXGroup section */
		D7B9D2021E55794F0045A888 = {
			isa = PBXGroup;
			children = (
				D7B9D20D1E55794F0045A888 /* VScale */,
				D7B9D20C1E55794F0045A888 /* Products */,
			);
			sourceTree = "<group>";
		};
		D7B9D20C1E55794F0045A888 /* Products */ = {
			isa = PBXGroup;
			children = (
				D7B9D20B1E55794F0045A888 /* VScale.app */,
			);
			name = Products;
			sourceTree = "<group>";
		};
		D7B9D20D1E55794F0045A888 /* VScale */ = {
			isa = PBXGroup;
			children = (
				D7B9D20E1E55794F0045A888 /* AppDelegate.swift */,
				D7B9D2101E55794F0045A888 /* ViewController.swift */,
				D7B9D2121E55794F0045A888 /* Main.storyboard */,
				D7B9D2151E55794F0045A888 /* Assets.xcassets */,
				D7B9D2171E55794F0045A888 /* LaunchScreen.storyboard */,
				D7B9D21A1E55794F0045A888 /* Info.plist */,
			);
			path = VScale;
			sourceTree = "<group>";
		};
/* End PBXGroup section */

/* Begin PBXNativeTarget section */
		D7B9D20A1E55794F0045A888 /* VScale */ = {
			isa = PBXNativeTarget;
			buildConfigurationList = D7B9D21D1E55794F0045A888 /* Build configuration list for PBXNativeTarget "VScale" */;
			buildPhases = (
				D7B9D2071E55794F0045A888 /* Sources */,
				D7B9D2081E55794F0045A888 /* Frameworks */,
				D7B9D2091E55794F0045A888 /* Resources */,
			);
			buildRules = (
			);
			dependencies = (
			);
			name = VScale;
			productName = VScale;
			productReference = D7B9D20B1E55794F0045A888 /* VScale.app */;
			productType = "com.apple.product-type.application";
		};
/* End PBXNativeTarget section */

/* Begin PBXProject section */
		D7B9D2031E55794F0045A888 /* Project object */ = {
			isa = PBXProject;
			attributes = {
				LastSwiftUpdateCheck = 0820;
				LastUpgradeCheck = 0820;
				ORGANIZATIONNAME = Chensh;
				TargetAttributes = {
					D7B9D20A1E55794F0045A888 = {
						CreatedOnToolsVersion = 8.2.1;
						DevelopmentTeam = P68334AC4C;
						ProvisioningStyle = Automatic;
					};
				};
			};
			buildConfigurationList = D7B9D2061E55794F0045A888 /* Build configuration list for PBXProject "VScale" */;
			compatibilityVersion = "Xcode 3.2";
			developmentRegion = English;
			hasScannedForEncodings = 0;
			knownRegions = (
				en,
				Base,
			);
			mainGroup = D7B9D2021E55794F0045A888;
			productRefGroup = D7B9D20C1E55794F0045A888 /* Products */;
			projectDirPath = "";
			projectRoot = "";
			targets = (
				D7B9D20A1E55794F0045A888 /* VScale */,
			);
		};
/* End PBXProject section */

/* Begin PBXResourcesBuildPhase section */
		D7B9D2091E55794F0045A888 /* Resources */ = {
			isa = PBXResourcesBuildPhase;
			buildActionMask = 2147483647;
			files = (
				D7B9D2191E55794F0045A888 /* LaunchScreen.storyboard in Resources */,
				D7B9D2161E55794F0045A888 /* Assets.xcassets in Resources */,
				D7B9D2141E55794F0045A888 /* Main.storyboard in Resources */,
			);
			runOnlyForDeploymentPostprocessing = 0;
		};
/* End PBXResourcesBuildPhase section */

/* Begin PBXSourcesBuildPhase section */
		D7B9D2071E55794F0045A888 /* Sources */ = {
			isa = PBXSourcesBuildPhase;
			buildActionMask = 2147483647;
			files = (
				D7B9D2111E55794F0045A888 /* ViewController.swift in Sources */,
				D7B9D20F1E55794F0045A888 /* AppDelegate.swift in Sources */,
			);
			runOnlyForDeploymentPostprocessing = 0;
		};
/* End PBXSourcesBuildPhase section */

/* Begin PBXVariantGroup section */
		D7B9D2121E55794F0045A888 /* Main.storyboard */ = {
			isa = PBXVariantGroup;
			children = (
				D7B9D2131E55794F0045A888 /* Base */,
			);
			name = Main.storyboard;
			sourceTree = "<group>";
		};
		D7B9D2171E55794F0045A888 /* LaunchScreen.storyboard */ = {
			isa = PBXVariantGroup;
			children = (
				D7B9D2181E55794F0045A888 /* Base */,
			);
			name = LaunchScreen.storyboard;
			sourceTree = "<group>";
		};
/* End PBXVariantGroup section */

/* Begin XCBuildConfiguration section */
		D7B9D21B1E55794F0045A888 /* Debug */ = {
			isa = XCBuildConfiguration;
			buildSettings = {
				ALWAYS_SEARCH_USER_PATHS = NO;
				CLANG_ANALYZER_NONNULL = YES;
				CLANG_CXX_LANGUAGE_STANDARD = "gnu++0x";
				CLANG_CXX_LIBRARY = "libc++";
				CLANG_ENABLE_MODULES = YES;
				CLANG_ENABLE_OBJC_ARC = YES;
				CLANG_WARN_BOOL_CONVERSION = YES;
				CLANG_WARN_CONSTANT_CONVERSION = YES;
				CLANG_WARN_DIRECT_OBJC_ISA_USAGE = YES_ERROR;
				CLANG_WARN_DOCUMENTATION_COMMENTS = YES;
				CLANG_WARN_EMPTY_BODY = YES;
				CLANG_WARN_ENUM_CONVERSION = YES;
				CLANG_WARN_INFINITE_RECURSION = YES;
				CLANG_WARN_INT_CONVERSION = YES;
				CLANG_WARN_OBJC_ROOT_CLASS = YES_ERROR;
				CLANG_WARN_SUSPICIOUS_MOVE = YES;
				CLANG_WARN_UNREACHABLE_CODE = YES;
				CLANG_WARN__DUPLICATE_METHOD_MATCH = YES;
				"CODE_SIGN_IDENTITY[sdk=iphoneos*]" = "iPhone Developer";
				COPY_PHASE_STRIP = NO;
				DEBUG_INFORMATION_FORMAT = dwarf;
				ENABLE_STRICT_OBJC_MSGSEND = YES;
				ENABLE_TESTABILITY = YES;
				GCC_C_LANGUAGE_STANDARD = gnu99;
				GCC_DYNAMIC_NO_PIC = NO;
				GCC_NO_COMMON_BLOCKS = YES;
				GCC_OPTIMIZATION_LEVEL = 0;
				GCC_PREPROCESSOR_DEFINITIONS = (
					"DEBUG=1",
					"$(inherited)",
				);
				GCC_WARN_64_TO_32_BIT_CONVERSION = YES;
				GCC_WARN_ABOUT_RETURN_TYPE = YES_ERROR;
				GCC_WARN_UNDECLARED_SELECTOR = YES;
				GCC_WARN_UNINITIALIZED_AUTOS = YES_AGGRESSIVE;
				GCC_WARN_UNUSED_FUNCTION = YES;
				GCC_WARN_UNUSED_VARIABLE = YES;
				IPHONEOS_DEPLOYMENT_TARGET = 10.2;
				MTL_ENABLE_DEBUG_INFO = YES;
				ONLY_ACTIVE_ARCH = YES;
				SDKROOT = iphoneos;
				SWIFT_ACTIVE_COMPILATION_CONDITIONS = DEBUG;
				SWIFT_OPTIMIZATION_LEVEL = "-Onone";
				TARGETED_DEVICE_FAMILY = "1,2";
			};
			name = Debug;
		};
		D7B9D21C1E55794F0045A888 /* Release */ = {
			isa = XCBuildConfiguration;
			buildSettings = {
				ALWAYS_SEARCH_USER_PATHS = NO;
				CLANG_ANALYZER_NONNULL = YES;
				CLANG_CXX_LANGUAGE_STANDARD = "gnu++0x";
				CLANG_CXX_LIBRARY = "libc++";
				CLANG_ENABLE_MODULES = YES;
				CLANG_ENABLE_OBJC_ARC = YES;
				CLANG_WARN_BOOL_CONVERSION = YES;
				CLANG_WARN_CONSTANT_CONVERSION = YES;
				CLANG_WARN_DIRECT_OBJC_ISA_USAGE = YES_ERROR;
				CLANG_WARN_DOCUMENTATION_COMMENTS = YES;
				CLANG_WARN_EMPTY_BODY = YES;
				CLANG_WARN_ENUM_CONVERSION = YES;
				CLANG_WARN_INFINITE_RECURSION = YES;
				CLANG_WARN_INT_CONVERSION = YES;
				CLANG_WARN_OBJC_ROOT_CLASS = YES_ERROR;
				CLANG_WARN_SUSPICIOUS_MOVE = YES;
				CLANG_WARN_UNREACHABLE_CODE = YES;
				CLANG_WARN__DUPLICATE_METHOD_MATCH = YES;
				"CODE_SIGN_IDENTITY[sdk=iphoneos*]" = "iPhone Developer";
				COPY_PHASE_STRIP = NO;
				DEBUG_INFORMATION_FORMAT = "dwarf-with-dsym";
				ENABLE_NS_ASSERTIONS = NO;
				ENABLE_STRICT_OBJC_MSGSEND = YES;
				GCC_C_LANGUAGE_STANDARD = gnu99;
				GCC_NO_COMMON_BLOCKS = YES;
				GCC_WARN_64_TO_32_BIT_CONVERSION = YES;
				GCC_WARN_ABOUT_RETURN_TYPE = YES_ERROR;
				GCC_WARN_UNDECLARED_SELECTOR = YES;
				GCC_WARN_UNINITIALIZED_AUTOS = YES_AGGRESSIVE;
				GCC_WARN_UNUSED_FUNCTION = YES;
				GCC_WARN_UNUSED_VARIABLE = YES;
				IPHONEOS_DEPLOYMENT_TARGET = 10.2;
				MTL_ENABLE_DEBUG_INFO = NO;
				SDKROOT = iphoneos;
				SWIFT_OPTIMIZATION_LEVEL = "-Owholemodule";
				TARGETED_DEVICE_FAMILY = "1,2";
				VALIDATE_PRODUCT = YES;
			};
			name = Release;
		};
		D7B9D21E1E55794F0045A888 /* Debug */ = {
			isa = XCBuildConfiguration;
			buildSettings = {
				ASSETCATALOG_COMPILER_APPICON_NAME = AppIcon;
				DEVELOPMENT_TEAM = P68334AC4C;
				INFOPLIST_FILE = VScale/Info.plist;
				LD_RUNPATH_SEARCH_PATHS = "$(inherited) @executable_path/Frameworks";
				PRODUCT_BUNDLE_IDENTIFIER = com.yate.VScale;
				PRODUCT_NAME = "$(TARGET_NAME)";
				SWIFT_VERSION = 3.0;
			};
			name = Debug;
		};
		D7B9D21F1E55794F0045A888 /* Release */ = {
			isa = XCBuildConfiguration;
			buildSettings = {
				ASSETCATALOG_COMPILER_APPICON_NAME = AppIcon;
				DEVELOPMENT_TEAM = P68334AC4C;
				INFOPLIST_FILE = VScale/Info.plist;
				LD_RUNPATH_SEARCH_PATHS = "$(inherited) @executable_path/Frameworks";
				PRODUCT_BUNDLE_IDENTIFIER = com.yate.VScale;
				PRODUCT_NAME = "$(TARGET_NAME)";
				SWIFT_VERSION = 3.0;
			};
			name = Release;
		};
/* End XCBuildConfiguration section */

/* Begin XCConfigurationList section */
		D7B9D2061E55794F0045A888 /* Build configuration list for PBXProject "VScale" */ = {
			isa = XCConfigurationList;
			buildConfigurations = (
				D7B9D21B1E55794F0045A888 /* Debug */,
				D7B9D21C1E55794F0045A888 /* Release */,
			);
			defaultConfigurationIsVisible = 0;
			defaultConfigurationName = Release;
		};
		D7B9D21D1E55794F0045A888 /* Build configuration list for PBXNativeTarget "VScale" */ = {
			isa = XCConfigurationList;
			buildConfigurations = (
				D7B9D21E1E55794F0045A888 /* Debug */,
				D7B9D21F1E55794F0045A888 /* Release */,
			);
			defaultConfigurationIsVisible = 0;
		};
/* End XCConfigurationList section */
	};
	rootObject = D7B9D2031E55794F0045A888 /* Project object */;
}
